
Microsoft Visual Studio Solution File, Format Version 12.00
# Visual Studio Version 16
VisualStudioVersion = 16.0.31829.152
MinimumVisualStudioVersion = 10.0.40219.1
Project("{FAE04EC0-301F-11D3-BF4B-00C04F79EFBC}") = "HotelBookingAPI", "HotelBookingAPI\HotelBookingAPI.csproj", "{F1511052-2BDF-4A4D-AF3D-FA464629B000}"
EndProject
Project("{FAE04EC0-301F-11D3-BF4B-00C04F79EFBC}") = "HotelBookingLibrary", "HotelBookingService\HotelBookingLibrary.csproj", "{33982E25-71ED-4C6D-B147-3483C23E95D2}"
EndProject
Global
	GlobalSection(SolutionConfigurationPlatforms) = preSolution
		Debug|Any CPU = Debug|Any CPU
		Release|Any CPU = Release|Any CPU
	EndGlobalSection
	GlobalSection(ProjectConfigurationPlatforms) = postSolution
		{F1511052-2BDF-4A4D-AF3D-FA464629B000}.Debug|Any CPU.ActiveCfg = Debug|Any CPU
		{F1511052-2BDF-4A4D-AF3D-FA464629B000}.Debug|Any CPU.Build.0 = Debug|Any CPU
		{F1511052-2BDF-4A4D-AF3D-FA464629B000}.Release|Any CPU.ActiveCfg = Release|Any CPU
		{F1511052-2BDF-4A4D-AF3D-FA464629B000}.Release|Any CPU.Build.0 = Release|Any CPU
		{33982E25-71ED-4C6D-B147-3483C23E95D2}.Debug|Any CPU.ActiveCfg = Debug|Any CPU
		{33982E25-71ED-4C6D-B147-3483C23E95D2}.Debug|Any CPU.Build.0 = Debug|Any CPU
		{33982E25-71ED-4C6D-B147-3483C23E95D2}.Release|Any CPU.ActiveCfg = Release|Any CPU
		{33982E25-71ED-4C6D-B147-3483C23E95D2}.Release|Any CPU.Build.0 = Release|Any CPU
	EndGlobalSection
	GlobalSection(SolutionProperties) = preSolution
		HideSolutionNode = FALSE
	EndGlobalSection
	GlobalSection(ExtensibilityGlobals) = postSolution
		SolutionGuid = {DEDD23B7-9857-417B-A230-EBF2FC1FF7D6}
	EndGlobalSection
EndGlobal
